# THIS IS AN AUTOGENERATED FILE. DO NOT EDIT THIS FILE DIRECTLY.
# yarn lockfile v1


"@floating-ui/core@^1.7.5":
  version "1.7.5"
  resolved "https://registry.npmjs.org/@floating-ui/core/-/core-1.7.5.tgz"
  integrity sha512-1Ih4WTWyw0+lKyFMcBHGbb5U5FtuHJuujoyyr5zTaWS5EYMeT6Jb2AuDeftsCsEuchO+mM2ij5+q9crhydzLhQ==
  dependencies:
    "@floating-ui/utils" "^0.2.11"

"@floating-ui/dom@^1.6.13":
  version "1.7.6"
  resolved "https://registry.npmjs.org/@floating-ui/dom/-/dom-1.7.6.tgz"
  integrity sha512-9gZSAI5XM36880PPMm//9dfiEngYoC6Am2izES1FF406YFsjvyBMmeJ2g4SAju3xWwtuynNRFL2s9hgxpLI5SQ==
  dependencies:
    "@floating-ui/core" "^1.7.5"
    "@floating-ui/utils" "^0.2.11"

"@floating-ui/utils@^0.2.11":
  version "0.2.11"
  resolved "https://registry.npmjs.org/@floating-ui/utils/-/utils-0.2.11.tgz"
  integrity sha512-RiB/yIh78pcIxl6lLMG0CgBXAZ2Y0eVHqMPYugu+9U0AeT6YBeiJpf7lbdJNIugFP5SIjwNRgo4DhR1Qxi26Gg==

"@hotwired/stimulus@^3.2.2":
  version "3.2.2"
  resolved "https://registry.npmjs.org/@hotwired/stimulus/-/stimulus-3.2.2.tgz"
  integrity sha512-eGeIqNOQpXoPAIP7tC1+1Yc1yl1xnwYqg+3mzqxyrbE5pg5YFBZcA6YoTiByJB6DKAEsiWtl6tjTJS4IYtbB7A==

"@noble/hashes@^2.2.0":
  version "2.2.0"
  resolved "https://registry.npmjs.org/@noble/hashes/-/hashes-2.2.0.tgz"
  integrity sha512-IYqDGiTXab6FniAgnSdZwgWbomxpy9FtYvLKs7wCUs2a8RkITG+DFGO1DM9cr+E3/RgADRpFjrKVaJ1z6sjtEg==

"@otplib/core@^12.0.1":
  version "12.0.1"
  resolved "https://registry.npmjs.org/@otplib/core/-/core-12.0.1.tgz"
  integrity sha512-4sGntwbA/AC+SbPhbsziRiD+jNDdIzsZ3JUyfZwjtKyc/wufl1pnSIaG4Uqx8ymPagujub0o92kgBnB89cuAMA==

"@otplib/core@13.4.1":
  version "13.4.1"
  resolved "https://registry.npmjs.org/@otplib/core/-/core-13.4.1.tgz"
  integrity sha512-KIXgK1hNtWJEBMTastbe1bpmuais+3f+ATeO8TkMs2rNkfGO1FbQy8+/UWVEu3TR/iTJerU0idkPudaPmLP2BA==

"@otplib/hotp@13.4.1":
  version "13.4.1"
  resolved "https://registry.npmjs.org/@otplib/hotp/-/hotp-13.4.1.tgz"
  integrity sha512-g9q04SwpG5ZtMnVkUcgcoAlwCH4YLROZN1qhyBwgkBzqYYVSYhpP6gSGaxGHwePLt1c+e6NqDlgIZN+e1/XPuA==
  dependencies:
    "@otplib/core" "13.4.1"
    "@otplib/uri" "13.4.1"

"@otplib/plugin-base32-scure@13.4.1":
  version "13.4.1"
  resolved "https://registry.npmjs.org/@otplib/plugin-base32-scure/-/plugin-base32-scure-13.4.1.tgz"
  integrity sha512-Fs/r5qisC05SRhT6xWXaypB6PVC0vgWf6zztmi0J5RnQ09OJiPDWCJFH6cDm6ANsrdvB9di7X+Jb7L13BoEbUA==
  dependencies:
    "@otplib/core" "13.4.1"
    "@scure/base" "^2.2.0"

"@otplib/plugin-crypto-noble@13.4.1":
  version "13.4.1"
  resolved "https://registry.npmjs.org/@otplib/plugin-crypto-noble/-/plugin-crypto-noble-13.4.1.tgz"
  integrity sha512-PJfVW8/1hdS6CfxLheKPZSLTwDq4TijZbN4yRjxlv0ODdzmxpM+wGwWr1JXMdy0xJPxLziydQD5gdVqrR4/gAg==
  dependencies:
    "@noble/hashes" "^2.2.0"
    "@otplib/core" "13.4.1"

"@otplib/plugin-crypto@^12.0.1":
  version "12.0.1"
  resolved "https://registry.npmjs.org/@otplib/plugin-crypto/-/plugin-crypto-12.0.1.tgz"
  integrity sha512-qPuhN3QrT7ZZLcLCyKOSNhuijUi9G5guMRVrxq63r9YNOxxQjPm59gVxLM+7xGnHnM6cimY57tuKsjK7y9LM1g==
  dependencies:
    "@otplib/core" "^12.0.1"

"@otplib/plugin-thirty-two@^12.0.1":
  version "12.0.1"
  resolved "https://registry.npmjs.org/@otplib/plugin-thirty-two/-/plugin-thirty-two-12.0.1.tgz"
  integrity sha512-MtT+uqRso909UkbrrYpJ6XFjj9D+x2Py7KjTO9JDPhL0bJUYVu5kFP4TFZW4NFAywrAtFRxOVY261u0qwb93gA==
  dependencies:
    "@otplib/core" "^12.0.1"
    thirty-two "^1.0.2"

"@otplib/preset-default@^12.0.1":
  version "12.0.1"
  resolved "https://registry.npmjs.org/@otplib/preset-default/-/preset-default-12.0.1.tgz"
  integrity sha512-xf1v9oOJRyXfluBhMdpOkr+bsE+Irt+0D5uHtvg6x1eosfmHCsCC6ej/m7FXiWqdo0+ZUI6xSKDhJwc8yfiOPQ==
  dependencies:
    "@otplib/core" "^12.0.1"
    "@otplib/plugin-crypto" "^12.0.1"
    "@otplib/plugin-thirty-two" "^12.0.1"

"@otplib/totp@13.4.1":
  version "13.4.1"
  resolved "https://registry.npmjs.org/@otplib/totp/-/totp-13.4.1.tgz"
  integrity sha512-QOkBVPrf6AM4qZaReZPSk9/I8ATVdZpIISJz115MqeVtcrbcr5llPZ0J7804tpnjnp1vCRkI5Qjd47HhgVteBQ==
  dependencies:
    "@otplib/core" "13.4.1"
    "@otplib/hotp" "13.4.1"
    "@otplib/uri" "13.4.1"

"@otplib/uri@13.4.1":
  version "13.4.1"
  resolved "https://registry.npmjs.org/@otplib/uri/-/uri-13.4.1.tgz"
  integrity sha512-xaIm7bvICMhoB2rZIR5luiaMdssWR5nY5nXnR1fdezUgZuEO58D6zrGzLp7pQuBmlpmL0HagnscDQFoskp9yiA==
  dependencies:
    "@otplib/core" "13.4.1"

"@playwright/test@^1.60.0":
  version "1.60.0"
  resolved "https://registry.npmjs.org/@playwright/test/-/test-1.60.0.tgz"
  integrity sha512-O71yZIbAh/PxDMNGns37GHBIfrVkEVyn+AXyIa5dOTfb4/xNvRWV+Vv/NMbNCtODB/pO7vLlF2OTmMVLhmr7Ag==
  dependencies:
    playwright "1.60.0"

"@puppeteer/browsers@3.0.4":
  version "3.0.4"
  resolved "https://registry.npmjs.org/@puppeteer/browsers/-/browsers-3.0.4.tgz"
  integrity sha512-HGM8iAmGTf+Y7t0373szVbTmt3d7vPkYL/1bpOkOFO0YUYLgSeuYBCzESklogNPvOBnZ/MRD5f07OkpqH1trtA==
  dependencies:
    modern-tar "^0.7.6"
    yargs "^17.7.2"

"@scure/base@^2.2.0":
  version "2.2.0"
  resolved "https://registry.npmjs.org/@scure/base/-/base-2.2.0.tgz"
  integrity sha512-b8XEupJibegiXV+tDUseI8oLQc8ei3d/4Jkb2RpbHh3MfE054ov3uIz2dhFkB3FI8iwYkEh0gGCApkrYggkPNg==

"@svgdotjs/svg.draggable.js@^3.0.4":
  version "3.0.6"
  resolved "https://registry.npmjs.org/@svgdotjs/svg.draggable.js/-/svg.draggable.js-3.0.6.tgz"
  integrity sha512-7iJFm9lL3C40HQcqzEfezK2l+dW2CpoVY3b77KQGqc8GXWa6LhhmX5Ckv7alQfUXBuZbjpICZ+Dvq1czlGx7gA==

"@svgdotjs/svg.filter.js@^3.0.8":
  version "3.0.9"
  resolved "https://registry.npmjs.org/@svgdotjs/svg.filter.js/-/svg.filter.js-3.0.9.tgz"
  integrity sha512-/69XMRCDoam2HgC4ldHIaDgeQf1ViHIsa0Ld4uWgiXtZ+E24DWHe/9Ib6kbNiZ7WRIdlVokUDR1Fg0kjIpkfbw==
  dependencies:
    "@svgdotjs/svg.js" "^3.2.4"

"@svgdotjs/svg.js@^3.2.4":
  version "3.2.5"
  resolved "https://registry.npmjs.org/@svgdotjs/svg.js/-/svg.js-3.2.5.tgz"
  integrity sha512-/VNHWYhNu+BS7ktbYoVGrCmsXDh+chFMaONMwGNdIBcFHrWqk2jY8fNyr3DLdtQUIalvkPfM554ZSFa3dm3nxQ==

"@svgdotjs/svg.resize.js@^2.0.2":
  version "2.0.5"
  resolved "https://registry.npmjs.org/@svgdotjs/svg.resize.js/-/svg.resize.js-2.0.5.tgz"
  integrity sha512-4heRW4B1QrJeENfi7326lUPYBCevj78FJs8kfeDxn5st0IYPIRXoTtOSYvTzFWgaWWXd3YCDE6ao4fmv91RthA==

"@svgdotjs/svg.select.js@^4.0.1":
  version "4.0.3"
  resolved "https://registry.npmjs.org/@svgdotjs/svg.select.js/-/svg.select.js-4.0.3.tgz"
  integrity sha512-qkMgso1sd2hXKd1FZ1weO7ANq12sNmQJeGDjs46QwDVsxSRcHmvWKL2NDF7Yimpwf3sl5esOLkPqtV2bQ3v/Jg==

"@swc/helpers@^0.2.13":
  version "0.2.14"
  resolved "https://registry.npmjs.org/@swc/helpers/-/helpers-0.2.14.tgz"
  integrity sha512-wpCQMhf5p5GhNg2MmGKXzUNwxe7zRiCsmqYsamez2beP7mKPCSiu+BjZcdN95yYSzO857kr0VfQewmGpS77nqA==

"@tailwindcss/forms@^0.5.11":
  version "0.5.11"
  resolved "https://registry.npmjs.org/@tailwindcss/forms/-/forms-0.5.11.tgz"
  integrity sha512-h9wegbZDPurxG22xZSoWtdzc41/OlNEUQERNqI/0fOwa2aVlWGu7C35E/x6LDyD3lgtztFSSjKZyuVM0hxhbgA==
  dependencies:
    mini-svg-data-uri "^1.2.3"

"@types/culori@^4.0.1":
  version "4.0.1"
  resolved "https://registry.npmjs.org/@types/culori/-/culori-4.0.1.tgz"
  integrity sha512-43M51r/22CjhbOXyGT361GZ9vncSVQ39u62x5eJdBQFviI8zWp2X5jzqg7k4M6PVgDQAClpy2bUe2dtwEgEDVQ==

"@types/node@^25.9.2":
  version "25.9.2"
  resolved "https://registry.npmjs.org/@types/node/-/node-25.9.2.tgz"
  integrity sha512-G05zqtJhcDLb8uslf5EjCxXg9G1KQxiV8OS0R26IC//Eoyitzqe8z37I7cqvnZlrlSfgocQRfSn/AHBZJJFyGw==
  dependencies:
    undici-types ">=7.24.0 <7.24.7"

"@yr/monotone-cubic-spline@^1.0.3":
  version "1.0.3"
  resolved "https://registry.npmjs.org/@yr/monotone-cubic-spline/-/monotone-cubic-spline-1.0.3.tgz"
  integrity sha512-FQXkOta0XBSUPHndIKON2Y9JeQz5ZeMqLYZVVK93FliNBFm7LNMIZmY6FrMEB9XPcDbE2bekMbZD6kzDkxwYjA==

ansi-regex@^5.0.1:
  version "5.0.1"
  resolved "https://registry.npmjs.org/ansi-regex/-/ansi-regex-5.0.1.tgz"
  integrity sha512-quJQXlTSUGL2LH9SUXo8VwsY4soanhgo6LNSm84E1LBcE8s3O0wpdiRzyR9z/ZZJMlMWv37qOOb9pdJlMUEKFQ==

ansi-styles@^4.0.0:
  version "4.3.0"
  resolved "https://registry.npmjs.org/ansi-styles/-/ansi-styles-4.3.0.tgz"
  integrity sha512-zbB9rCJAT1rbjiVDb2hqKFHNYLxgtk8NURxZ3IZwD3F6NtxbXZQCnnSi1Lkx+IDohdPlFp222wVALIheZJQSEg==
  dependencies:
    color-convert "^2.0.1"

apexcharts@^4.5.0:
  version "4.7.0"
  resolved "https://registry.npmjs.org/apexcharts/-/apexcharts-4.7.0.tgz"
  integrity sha512-iZSrrBGvVlL+nt2B1NpqfDuBZ9jX61X9I2+XV0hlYXHtTwhwLTHDKGXjNXAgFBDLuvSYCB/rq2nPWVPRv2DrGA==
  dependencies:
    "@svgdotjs/svg.draggable.js" "^3.0.4"
    "@svgdotjs/svg.filter.js" "^3.0.8"
    "@svgdotjs/svg.js" "^3.2.4"
    "@svgdotjs/svg.resize.js" "^2.0.2"
    "@svgdotjs/svg.select.js" "^4.0.1"
    "@yr/monotone-cubic-spline" "^1.0.3"

chromium-bidi@16.0.1:
  version "16.0.1"
  resolved "https://registry.npmjs.org/chromium-bidi/-/chromium-bidi-16.0.1.tgz"
  integrity sha512-J63PGu/9PpeCwLIcKYyzWP6yaVL5pxuBc0shlYCYM8BaAkmlwiQboXO1iNbOgSDbVklEyYFfNEcHD8oOAWacUA==
  dependencies:
    mitt "^3.0.1"
    zod "^3.24.1"

cliui@^8.0.1:
  version "8.0.1"
  resolved "https://registry.npmjs.org/cliui/-/cliui-8.0.1.tgz"
  integrity sha512-BSeNnyus75C4//NQ9gQt1/csTXyo/8Sb+afLAkzAptFuMsod9HFokGNudZpi/oQV73hnVK+sR+5PVRMd+Dr7YQ==
  dependencies:
    string-width "^4.2.0"
    strip-ansi "^6.0.1"
    wrap-ansi "^7.0.0"

color-convert@^2.0.1:
  version "2.0.1"
  resolved "https://registry.npmjs.org/color-convert/-/color-convert-2.0.1.tgz"
  integrity sha512-RRECPsj7iu/xb5oKYcsFHSppFNnsj/52OVTRKb4zP5onXwVF3zVmmToNcOfGC+CRDpfK/U584fMg38ZHCaElKQ==
  dependencies:
    color-name "~1.1.4"

color-name@~1.1.4:
  version "1.1.4"
  resolved "https://registry.npmjs.org/color-name/-/color-name-1.1.4.tgz"
  integrity sha512-dOy+3AuW3a2wNbZHIuMZpTcgjGuLU/uBL/ubcZF9OXbDo8ff4O8yVp5Bf0efS8uEoYo5q4Fx7dY9OgQGXgAsQA==

culori@^4.0.2:
  version "4.0.2"
  resolved "https://registry.npmjs.org/culori/-/culori-4.0.2.tgz"
  integrity sha512-1+BhOB8ahCn4O0cep0Sh2l9KCOfOdY+BXJnKMHFFzDEouSr/el18QwXEMRlOj9UY5nCeA8UN3a/82rUWRBeyBw==

datatables.net-dt@^2.2.2:
  version "2.3.8"
  resolved "https://registry.npmjs.org/datatables.net-dt/-/datatables.net-dt-2.3.8.tgz"
  integrity sha512-GD4on0YvNlUS/l+mrXeA1OC2JDzF2/GGbehVv4AacwtiFaoTwqxZseiR0cED6w59u/lgpVrZRC2RwuubUX996Q==
  dependencies:
    datatables.net "2.3.8"
    jquery ">=1.7"

datatables.net@2.3.8:
  version "2.3.8"
  resolved "https://registry.npmjs.org/datatables.net/-/datatables.net-2.3.8.tgz"
  integrity sha512-uhViowhlDlheAuo5a8TrkQqADsjrtGeOyvrigvr4t0+K3MyAWqClORXWAYIcN9VLX6iIX0C8O9gwJNd01hITRg==
  dependencies:
    jquery ">=1.7"

devtools-protocol@*, devtools-protocol@0.0.1624250:
  version "0.0.1624250"
  resolved "https://registry.npmjs.org/devtools-protocol/-/devtools-protocol-0.0.1624250.tgz"
  integrity sha512-YFAat/lOiIk0ARmBweG+ygrEcbZrq5B9urRyUoeQKp53MlidHXE2TmTbxKcaXoQj7u/aX+jebDO4BW55rs0WwA==

dropzone@^6.0.0-beta.2:
  version "6.0.0-beta.2"
  resolved "https://registry.npmjs.org/dropzone/-/dropzone-6.0.0-beta.2.tgz"
  integrity sha512-k44yLuFFhRk53M8zP71FaaNzJYIzr99SKmpbO/oZKNslDjNXQsBTdfLs+iONd0U0L94zzlFzRnFdqbLcs7h9fQ==
  dependencies:
    "@swc/helpers" "^0.2.13"
    just-extend "^5.0.0"

emoji-regex@^8.0.0:
  version "8.0.0"
  resolved "https://registry.npmjs.org/emoji-regex/-/emoji-regex-8.0.0.tgz"
  integrity sha512-MSjYzcWNOA0ewAHpz0MxpYFvwg6yjy1NG3xteoqz644VCo/RPgnr1/GGt+ic3iJTzQ8Eu3TdM14SawnVUmGE6A==

escalade@^3.1.1:
  version "3.2.0"
  resolved "https://registry.npmjs.org/escalade/-/escalade-3.2.0.tgz"
  integrity sha512-WUj2qlxaQtO4g6Pq5c29GTcWGDyd8itL8zTlipgECz3JesAiiOKotd8JU6otB3PACgG6xkJUyVhboMS+bje/jA==

fsevents@2.3.2:
  version "2.3.2"
  resolved "https://registry.npmjs.org/fsevents/-/fsevents-2.3.2.tgz"
  integrity sha512-xiqMQR4xAeHTuB9uWm+fFRcIOgKBMiOBP+eXiyT7jsgVCq1bkVygt00oASowB7EdtpOHaaPgKt812P9ab+DDKA==

get-caller-file@^2.0.5:
  version "2.0.5"
  resolved "https://registry.npmjs.org/get-caller-file/-/get-caller-file-2.0.5.tgz"
  integrity sha512-DyFP3BM/3YHTQOCUL/w0OZHR0lpKeGrxotcHWcqNEdnltqFwXVfhEBQ94eIo34AfQpo0rGki4cyIiftY06h2Fg==

is-fullwidth-code-point@^3.0.0:
  version "3.0.0"
  resolved "https://registry.npmjs.org/is-fullwidth-code-point/-/is-fullwidth-code-point-3.0.0.tgz"
  integrity sha512-zymm5+u+sCsSWyD9qNaejV3DFvhCKclKdizYaJUuHA83RLjb7nSuGnddCHGv0hk+KY7BMAlsWeK4Ueg6EV6XQg==

jquery@>=1.7:
  version "4.0.0"
  resolved "https://registry.npmjs.org/jquery/-/jquery-4.0.0.tgz"
  integrity sha512-TXCHVR3Lb6TZdtw1l3RTLf8RBWVGexdxL6AC8/e0xZKEpBflBsjh9/8LXw+dkNFuOyW9B7iB3O1sP7hS0Kiacg==

just-extend@^5.0.0:
  version "5.1.1"
  resolved "https://registry.npmjs.org/just-extend/-/just-extend-5.1.1.tgz"
  integrity sha512-b+z6yF1d4EOyDgylzQo5IminlUmzSeqR1hs/bzjBNjuGras4FXq/6TrzjxfN0j+TmI0ltJzTNlqXUMCniciwKQ==

lilconfig@^3.1.3:
  version "3.1.3"
  resolved "https://registry.npmjs.org/lilconfig/-/lilconfig-3.1.3.tgz"
  integrity sha512-/vlFKAoH5Cgt3Ie+JLhRbwOsCQePABiU3tJ1egGvyQ+33R/vcwM2Zl2QR/LzjsBeItPt3oSVXapn+m4nQDvpzw==

mini-svg-data-uri@^1.2.3:
  version "1.4.4"
  resolved "https://registry.npmjs.org/mini-svg-data-uri/-/mini-svg-data-uri-1.4.4.tgz"
  integrity sha512-r9deDe9p5FJUPZAk3A59wGH7Ii9YrjjWw0jmw/liSbHl2CHiyXj6FcDXDu2K3TjVAXqiJdaw3xxwlZZr9E6nHg==

mitt@^3.0.1:
  version "3.0.1"
  resolved "https://registry.npmjs.org/mitt/-/mitt-3.0.1.tgz"
  integrity sha512-vKivATfr97l2/QBCYAkXYDbrIWPM2IIKEl7YPhjCvKlG3kE2gm+uBo6nEXK3M5/Ffh/FLpKExzOQ3JJoJGFKBw==

modern-tar@^0.7.6:
  version "0.7.6"
  resolved "https://registry.npmjs.org/modern-tar/-/modern-tar-0.7.6.tgz"
  integrity sha512-sweCIVXzx1aIGTCdzcMlSZt1h8k5Tmk08VNAuRk3IU28XamGiOH5ypi11g6De2CH7PhYqSSnGy2A/EFhbWnVKg==

nouislider@^15.8.1:
  version "15.8.1"
  resolved "https://registry.npmjs.org/nouislider/-/nouislider-15.8.1.tgz"
  integrity sha512-93TweAi8kqntHJSPiSWQ1o/uZ29VWOmal9YKb6KKGGlCkugaNfAupT7o1qTHqdJvNQ7S0su5rO6qRFCjP8fxtw==

otplib@^13.4.1:
  version "13.4.1"
  resolved "https://registry.npmjs.org/otplib/-/otplib-13.4.1.tgz"
  integrity sha512-o5CxfDw6bh7hoDv0NUUIcc0RqzJ9ipfUrzeKheKJ+vs4rXZnDlA9n4a/7R1cDjpmLjKLix4BgNVRmoDkm5rLSQ==
  dependencies:
    "@otplib/core" "13.4.1"
    "@otplib/hotp" "13.4.1"
    "@otplib/plugin-base32-scure" "13.4.1"
    "@otplib/plugin-crypto-noble" "13.4.1"
    "@otplib/totp" "13.4.1"
    "@otplib/uri" "13.4.1"

playwright-core@1.60.0:
  version "1.60.0"
  resolved "https://registry.npmjs.org/playwright-core/-/playwright-core-1.60.0.tgz"
  integrity sha512-9bW6zvX/m0lEbgTKJ6YppOKx8H3VOPBMOCFh2irXFOT4BbHgrx5hPjwJYLT40Lu+4qtD36qKc/Hn56StUW57IA==

playwright@1.60.0:
  version "1.60.0"
  resolved "https://registry.npmjs.org/playwright/-/playwright-1.60.0.tgz"
  integrity sha512-hheHdokM8cdqCb0lcE3s+zT4t4W+vvjpGxsZlDnikarzx8tSzMebh3UiFtgqwFwnTnjYQcsyMF8ei2mCO/tpeA==
  dependencies:
    playwright-core "1.60.0"
  optionalDependencies:
    fsevents "2.3.2"

preline@^4.2.0:
  version "4.2.0"
  resolved "https://registry.npmjs.org/preline/-/preline-4.2.0.tgz"
  integrity sha512-lDdP5VzJDwVdWFDOUHKtkvWGxnsKt1o7Q9Sla19MMX03Lzzp4Pxwxs+TndcFZaNiSchYSDgSnjCsm7olV5JV3g==
  dependencies:
    "@floating-ui/dom" "^1.6.13"
    "@types/culori" "^4.0.1"
    apexcharts "^4.5.0"
    culori "^4.0.2"
    datatables.net-dt "^2.2.2"
    dropzone "^6.0.0-beta.2"
    nouislider "^15.8.1"
    vanilla-calendar-pro "^3.0.4"

puppeteer-core@25.1.0:
  version "25.1.0"
  resolved "https://registry.npmjs.org/puppeteer-core/-/puppeteer-core-25.1.0.tgz"
  integrity sha512-jKzy5y4WG6uNuFbTWgW1D7mqoT9o0nllc/6a1DGF775T1mPmgw3scdFEtEq67yVFikavQmbYq6NLfbTfxHSlqQ==
  dependencies:
    "@puppeteer/browsers" "3.0.4"
    chromium-bidi "16.0.1"
    devtools-protocol "0.0.1624250"
    typed-query-selector "^2.12.2"
    webdriver-bidi-protocol "0.4.2"
    ws "^8.21.0"

puppeteer@^25.1.0:
  version "25.1.0"
  resolved "https://registry.npmjs.org/puppeteer/-/puppeteer-25.1.0.tgz"
  integrity sha512-7L6/0JM7XStK99lIL4xQySyNEXNfII6pk0BxkI5kKBTOhR7AsoQiv067YTsE/rIXxQiq9ajlO4WcqBjS/FWK1A==
  dependencies:
    "@puppeteer/browsers" "3.0.4"
    chromium-bidi "16.0.1"
    devtools-protocol "0.0.1624250"
    lilconfig "^3.1.3"
    puppeteer-core "25.1.0"
    typed-query-selector "^2.12.2"

require-directory@^2.1.1:
  version "2.1.1"
  resolved "https://registry.npmjs.org/require-directory/-/require-directory-2.1.1.tgz"
  integrity sha512-fGxEI7+wsG9xrvdjsrlmL22OMTTiHRwAMroiEeMgq8gzoLC/PQr7RsRDSTLUg/bZAZtF+TVIkHc6/4RIKrui+Q==

string-width@^4.1.0, string-width@^4.2.0, string-width@^4.2.3:
  version "4.2.3"
  resolved "https://registry.npmjs.org/string-width/-/string-width-4.2.3.tgz"
  integrity sha512-wKyQRQpjJ0sIp62ErSZdGsjMJWsap5oRNihHhu6G7JVO/9jIB6UyevL+tXuOqrng8j/cxKTWyWUwvSTriiZz/g==
  dependencies:
    emoji-regex "^8.0.0"
    is-fullwidth-code-point "^3.0.0"
    strip-ansi "^6.0.1"

strip-ansi@^6.0.0, strip-ansi@^6.0.1:
  version "6.0.1"
  resolved "https://registry.npmjs.org/strip-ansi/-/strip-ansi-6.0.1.tgz"
  integrity sha512-Y38VPSHcqkFrCpFnQ9vuSXmquuv5oXOKpGeT6aGrr3o3Gc9AlVa6JBfUSOCnbxGGZF+/0ooI7KrPuUSztUdU5A==
  dependencies:
    ansi-regex "^5.0.1"

"tailwindcss@>=3.0.0 || >= 3.0.0-alpha.1 || >= 4.0.0-alpha.20 || >= 4.0.0-beta.1":
  version "4.3.1"
  resolved "https://registry.npmjs.org/tailwindcss/-/tailwindcss-4.3.1.tgz"
  integrity sha512-hk+TB1m+K8CYNrP6rjQaq/Y+4Zylwpa87mLYBKCunwnnQ9p+fHb7kmSfGqyEJoxF/O6CDyABWVFEafNSYKll+Q==

thirty-two@^1.0.2:
  version "1.0.2"
  resolved "https://registry.npmjs.org/thirty-two/-/thirty-two-1.0.2.tgz"
  integrity sha512-OEI0IWCe+Dw46019YLl6V10Us5bi574EvlJEOcAkB29IzQ/mYD1A6RyNHLjZPiHCmuodxvgF6U+vZO1L15lxVA==

typed-query-selector@^2.12.2:
  version "2.12.2"
  resolved "https://registry.npmjs.org/typed-query-selector/-/typed-query-selector-2.12.2.tgz"
  integrity sha512-EOPFbyIub4ngnEdqi2yOcNeDLaX/0jcE1JoAXQDDMIthap7FoN795lc/SHfIq2d416VufXpM8z/lD+WRm2gfOQ==

"undici-types@>=7.24.0 <7.24.7":
  version "7.24.6"
  resolved "https://registry.npmjs.org/undici-types/-/undici-types-7.24.6.tgz"
  integrity sha512-WRNW+sJgj5OBN4/0JpHFqtqzhpbnV0GuB+OozA9gCL7a993SmU+1JBZCzLNxYsbMfIeDL+lTsphD5jN5N+n0zg==

vanilla-calendar-pro@^3.0.4:
  version "3.1.0"
  resolved "https://registry.npmjs.org/vanilla-calendar-pro/-/vanilla-calendar-pro-3.1.0.tgz"
  integrity sha512-yXDtCaedcKz6i5OOdWGwui0C8MAmjXjj7JzKZyjDlkczSRqnhI8BDGFygqT2K+qL1uY7R2fLYlTlxA6oyFs2yg==

webdriver-bidi-protocol@0.4.2:
  version "0.4.2"
  resolved "https://registry.npmjs.org/webdriver-bidi-protocol/-/webdriver-bidi-protocol-0.4.2.tgz"
  integrity sha512-VSV+fzfChirL3e7jay2yUC7B4HQCGtEWEg/MSSQbK+qWbqeGlRLlXTzPpYr3XGUvbpDHumWZBJxgesg4N7dbtA==

wrap-ansi@^7.0.0:
  version "7.0.0"
  resolved "https://registry.npmjs.org/wrap-ansi/-/wrap-ansi-7.0.0.tgz"
  integrity sha512-YVGIj2kamLSTxw6NsZjoBxfSwsn0ycdesmc4p+Q21c5zPuZ1pl+NfxVdxPtdHvmNVOQ6XSYG4AUtyt/Fi7D16Q==
  dependencies:
    ansi-styles "^4.0.0"
    string-width "^4.1.0"
    strip-ansi "^6.0.0"

ws@^8.21.0:
  version "8.21.0"
  resolved "https://registry.npmjs.org/ws/-/ws-8.21.0.tgz"
  integrity sha512-Vsp28b7DRcimFQvrqu2Wek3z1iYxDCWqHYB8Qsnk/S4RfaCQzPGPyBNuVjJV3cd6UiKtUtp6sNM77gWvzcCH+g==

y18n@^5.0.5:
  version "5.0.8"
  resolved "https://registry.npmjs.org/y18n/-/y18n-5.0.8.tgz"
  integrity sha512-0pfFzegeDWJHJIAmTLRP2DwHjdF5s7jo9tuztdQxAhINCdvS+3nGINqPd00AphqJR/0LhANUS6/+7SCb98YOfA==

yargs-parser@^21.1.1:
  version "21.1.1"
  resolved "https://registry.npmjs.org/yargs-parser/-/yargs-parser-21.1.1.tgz"
  integrity sha512-tVpsJW7DdjecAiFpbIB1e3qxIQsE6NoPc5/eTdrbbIC4h0LVsWhnoa3g+m2HclBIujHzsxZ4VJVA+GUuc2/LBw==

yargs@^17.7.2:
  version "17.7.2"
  resolved "https://registry.npmjs.org/yargs/-/yargs-17.7.2.tgz"
  integrity sha512-7dSzzRQ++CKnNI/krKnYRV7JKKPUXMEh61soaHKg9mrWEhzFWhFnxPxGl+69cD1Ou63C13NUPCnmIcrvqCuM6w==
  dependencies:
    cliui "^8.0.1"
    escalade "^3.1.1"
    get-caller-file "^2.0.5"
    require-directory "^2.1.1"
    string-width "^4.2.3"
    y18n "^5.0.5"
    yargs-parser "^21.1.1"

zod@^3.24.1:
  version "3.25.76"
  resolved "https://registry.npmjs.org/zod/-/zod-3.25.76.tgz"
  integrity sha512-gzUt/qt81nXsFGKIFcC3YnfEAx5NkunCfnDlvuBSSFS02bcXu4Lmea0AFIUwbLWxWPx3d9p8S5QoaujKcNQxcQ==
